
Microsoft Visual Studio Solution File, Format Version 12.00
# Visual Studio Version 17
VisualStudioVersion = 17.3.32901.215
MinimumVisualStudioVersion = 10.0.40219.1
Project("{FAE04EC0-301F-11D3-BF4B-00C04F79EFBC}") = "Residencias", "Residencias\Residencias.csproj", "{5044FAD1-7F2D-4B69-8BAA-3DAF7B7D8EAE}"
EndProject
Global
	GlobalSection(SolutionConfigurationPlatforms) = preSolution
		Debug|Any CPU = Debug|Any CPU
		Release|Any CPU = Release|Any CPU
	EndGlobalSection
	GlobalSection(ProjectConfigurationPlatforms) = postSolution
		{5044FAD1-7F2D-4B69-8BAA-3DAF7B7D8EAE}.Debug|Any CPU.ActiveCfg = Debug|Any CPU
		{5044FAD1-7F2D-4B69-8BAA-3DAF7B7D8EAE}.Debug|Any CPU.Build.0 = Debug|Any CPU
		{5044FAD1-7F2D-4B69-8BAA-3DAF7B7D8EAE}.Release|Any CPU.ActiveCfg = Release|Any CPU
		{5044FAD1-7F2D-4B69-8BAA-3DAF7B7D8EAE}.Release|Any CPU.Build.0 = Release|Any CPU
	EndGlobalSection
	GlobalSection(SolutionProperties) = preSolution
		HideSolutionNode = FALSE
	EndGlobalSection
	GlobalSection(ExtensibilityGlobals) = postSolution
		SolutionGuid = {BDCD3F87-50FD-4BC9-950F-D467412195F3}
	EndGlobalSection
EndGlobal
